<?xml version="1.0" encoding="utf-8"?>
<Project ToolsVersion="4.0" xmlns="http://schemas.microsoft.com/developer/msbuild/2003">
  <ItemGroup>
    <Filter Include="소스 파일">
      <UniqueIdentifier>{4FC737F1-C7A5-4376-A066-2A32D752A2FF}</UniqueIdentifier>
      <Extensions>cpp;c;cc;cxx;def;odl;idl;hpj;bat;asm;asmx</Extensions>
    </Filter>
    <Filter Include="헤더 파일">
      <UniqueIdentifier>{93995380-89BD-4b04-88EB-625FBE52EBFB}</UniqueIdentifier>
      <Extensions>h;hh;hpp;hxx;hm;inl;inc;ipp;xsd</Extensions>
    </Filter>
    <Filter Include="리소스 파일">
      <UniqueIdentifier>{67DA6AB6-F800-4c08-8B7A-83BB121AAD01}</UniqueIdentifier>
      <Extensions>rc;ico;cur;bmp;dlg;rc2;rct;bin;rgs;gif;jpg;jpeg;jpe;resx;tiff;tif;png;wav;mfcribbon-ms</Extensions>
    </Filter>
    <Filter Include="Keyboard">
      <UniqueIdentifier>{9c79f33a-7c69-4355-8a0a-568a5687e81d}</UniqueIdentifier>
    </Filter>
    <Filter Include="Mouse">
      <UniqueIdentifier>{885deafb-f1b7-4b76-91ac-68050c5ed832}</UniqueIdentifier>
    </Filter>
    <Filter Include="Graphics">
      <UniqueIdentifier>{e87efd69-7819-4606-84a1-fad8c8efe5eb}</UniqueIdentifier>
    </Filter>
    <Filter Include="Graphics\Material">
      <UniqueIdentifier>{f424fd96-3dd7-4340-8253-b4e23d206757}</UniqueIdentifier>
    </Filter>
    <Filter Include="Graphics\D3DSetUp">
      <UniqueIdentifier>{f7435dfd-2802-406a-a4a8-ac49a8c5235f}</UniqueIdentifier>
    </Filter>
    <Filter Include="Graphics\Material\InputAssembler">
      <UniqueIdentifier>{5271498f-002a-44cc-adf7-9978ca9a7449}</UniqueIdentifier>
    </Filter>
  </ItemGroup>
  <ItemGroup>
    <ClCompile Include="RenderWindow.cpp">
      <Filter>소스 파일</Filter>
    </ClCompile>
    <ClCompile Include="Engine.cpp">
      <Filter>소스 파일</Filter>
    </ClCompile>
    <ClCompile Include="WindowContainer.cpp">
      <Filter>소스 파일</Filter>
    </ClCompile>
    <ClCompile Include="Keyboard\KeyboardClass.cpp">
      <Filter>Keyboard</Filter>
    </ClCompile>
    <ClCompile Include="Window.cpp">
      <Filter>소스 파일</Filter>
    </ClCompile>
    <ClCompile Include="Mouse\MouseClass.cpp">
      <Filter>Mouse</Filter>
    </ClCompile>
    <ClCompile Include="Mouse\MouseEvent.cpp">
      <Filter>Mouse</Filter>
    </ClCompile>
    <ClCompile Include="Keyboard\KeyboardEvent.cpp">
      <Filter>Keyboard</Filter>
    </ClCompile>
    <ClCompile Include="Graphics\Graphics.cpp">
      <Filter>Graphics</Filter>
    </ClCompile>
    <ClCompile Include="Timer.cpp">
      <Filter>소스 파일</Filter>
    </ClCompile>
    <ClCompile Include="Graphics\DirectXSetup\DirectXClass.cpp">
      <Filter>Graphics\D3DSetUp</Filter>
    </ClCompile>
    <ClCompile Include="Graphics\DirectXSetup\AdapterReader.cpp">
      <Filter>Graphics\D3DSetUp</Filter>
    </ClCompile>
    <ClCompile Include="Graphics\Material\Color.cpp">
      <Filter>Graphics\Material</Filter>
    </ClCompile>
    <ClCompile Include="Graphics\Material\Texture.cpp">
      <Filter>Graphics\Material</Filter>
    </ClCompile>
    <ClCompile Include="Graphics\Material\Shaders.cpp">
      <Filter>Graphics\Material</Filter>
    </ClCompile>
    <ClCompile Include="Graphics\Material\Mesh.cpp">
      <Filter>Graphics\Material</Filter>
    </ClCompile>
    <ClCompile Include="Graphics\Camera.cpp">
      <Filter>Graphics</Filter>
    </ClCompile>
    <ClCompile Include="Graphics\Light.cpp">
      <Filter>Graphics</Filter>
    </ClCompile>
    <ClCompile Include="Graphics\Model.cpp">
      <Filter>Graphics</Filter>
    </ClCompile>
    <ClCompile Include="Graphics\Transform.cpp">
      <Filter>Graphics</Filter>
    </ClCompile>
    <ClCompile Include="Graphics\GameObject.cpp">
      <Filter>Graphics</Filter>
    </ClCompile>
    <ClCompile Include="Systems\ErrorLogger.cpp">
      <Filter>소스 파일</Filter>
    </ClCompile>
    <ClCompile Include="Systems\StringHelper.cpp">
      <Filter>소스 파일</Filter>
    </ClCompile>
    <ClCompile Include="Graphics\DirectXSetup\ImGuiClass.cpp">
      <Filter>소스 파일</Filter>
    </ClCompile>
  </ItemGroup>
  <ItemGroup>
    <ClInclude Include="RenderWindow.h">
      <Filter>헤더 파일</Filter>
    </ClInclude>
    <ClInclude Include="Engine.h">
      <Filter>헤더 파일</Filter>
    </ClInclude>
    <ClInclude Include="WindowContainer.h">
      <Filter>헤더 파일</Filter>
    </ClInclude>
    <ClInclude Include="Keyboard\KeyboardEvent.h">
      <Filter>Keyboard</Filter>
    </ClInclude>
    <ClInclude Include="Keyboard\KeyboardClass.h">
      <Filter>Keyboard</Filter>
    </ClInclude>
    <ClInclude Include="Mouse\MouseClass.h">
      <Filter>Mouse</Filter>
    </ClInclude>
    <ClInclude Include="Mouse\MouseEvent.h">
      <Filter>Mouse</Filter>
    </ClInclude>
    <ClInclude Include="Graphics\Graphics.h">
      <Filter>Graphics</Filter>
    </ClInclude>
    <ClInclude Include="Timer.h">
      <Filter>헤더 파일</Filter>
    </ClInclude>
    <ClInclude Include="Graphics\DirectXSetup\DirectXClass.h">
      <Filter>Graphics\D3DSetUp</Filter>
    </ClInclude>
    <ClInclude Include="Graphics\DirectXSetup\AdapterReader.h">
      <Filter>Graphics\D3DSetUp</Filter>
    </ClInclude>
    <ClInclude Include="Graphics\Material\Color.h">
      <Filter>Graphics\Material</Filter>
    </ClInclude>
    <ClInclude Include="Graphics\Material\Texture.h">
      <Filter>Graphics\Material</Filter>
    </ClInclude>
    <ClInclude Include="Graphics\Material\Shaders.h">
      <Filter>Graphics\Material</Filter>
    </ClInclude>
    <ClInclude Include="Graphics\Material\InputAssembler\ConstantBuffer.h">
      <Filter>Graphics\Material\InputAssembler</Filter>
    </ClInclude>
    <ClInclude Include="Graphics\Material\InputAssembler\ConstantBufferTypes.h">
      <Filter>Graphics\Material\InputAssembler</Filter>
    </ClInclude>
    <ClInclude Include="Graphics\Material\InputAssembler\IndexBuffer.h">
      <Filter>Graphics\Material\InputAssembler</Filter>
    </ClInclude>
    <ClInclude Include="Graphics\Material\InputAssembler\Vertex.h">
      <Filter>Graphics\Material\InputAssembler</Filter>
    </ClInclude>
    <ClInclude Include="Graphics\Material\InputAssembler\VertexBuffer.h">
      <Filter>Graphics\Material\InputAssembler</Filter>
    </ClInclude>
    <ClInclude Include="Graphics\Material\Mesh.h">
      <Filter>Graphics\Material</Filter>
    </ClInclude>
    <ClInclude Include="Graphics\Camera.h">
      <Filter>Graphics</Filter>
    </ClInclude>
    <ClInclude Include="Graphics\Light.h">
      <Filter>Graphics</Filter>
    </ClInclude>
    <ClInclude Include="Graphics\Model.h">
      <Filter>Graphics</Filter>
    </ClInclude>
    <ClInclude Include="Graphics\Transform.h">
      <Filter>Graphics</Filter>
    </ClInclude>
    <ClInclude Include="Graphics\GameObject.h">
      <Filter>Graphics</Filter>
    </ClInclude>
    <ClInclude Include="Systems\COMException.h">
      <Filter>헤더 파일</Filter>
    </ClInclude>
    <ClInclude Include="Systems\ErrorLogger.h">
      <Filter>헤더 파일</Filter>
    </ClInclude>
    <ClInclude Include="Systems\StringHelper.h">
      <Filter>헤더 파일</Filter>
    </ClInclude>
    <ClInclude Include="Graphics\DirectXSetup\ImGuiClass.h">
      <Filter>헤더 파일</Filter>
    </ClInclude>
  </ItemGroup>
  <ItemGroup>
    <FxCompile Include="Shader\vertexshader.hlsl">
      <Filter>리소스 파일</Filter>
    </FxCompile>
    <FxCompile Include="Shader\pixelshader.hlsl">
      <Filter>리소스 파일</Filter>
    </FxCompile>
    <FxCompile Include="pixelshader_nolight.hlsl">
      <Filter>리소스 파일</Filter>
    </FxCompile>
  </ItemGroup>
</Project>