<?xml version="1.0" encoding="utf-8"?>
<Project ToolsVersion="4.0" xmlns="http://schemas.microsoft.com/developer/msbuild/2003">
  <ItemGroup>
    <Filter Include="소스 파일">
      <UniqueIdentifier>{4FC737F1-C7A5-4376-A066-2A32D752A2FF}</UniqueIdentifier>
      <Extensions>cpp;c;cc;cxx;def;odl;idl;hpj;bat;asm;asmx</Extensions>
    </Filter>
    <Filter Include="헤더 파일">
      <UniqueIdentifier>{93995380-89BD-4b04-88EB-625FBE52EBFB}</UniqueIdentifier>
      <Extensions>h;hh;hpp;hxx;hm;inl;inc;ipp;xsd</Extensions>
    </Filter>
    <Filter Include="리소스 파일">
      <UniqueIdentifier>{67DA6AB6-F800-4c08-8B7A-83BB121AAD01}</UniqueIdentifier>
      <Extensions>rc;ico;cur;bmp;dlg;rc2;rct;bin;rgs;gif;jpg;jpeg;jpe;resx;tiff;tif;png;wav;mfcribbon-ms</Extensions>
    </Filter>
    <Filter Include="Keyboard">
      <UniqueIdentifier>{9c79f33a-7c69-4355-8a0a-568a5687e81d}</UniqueIdentifier>
    </Filter>
    <Filter Include="Mouse">
      <UniqueIdentifier>{885deafb-f1b7-4b76-91ac-68050c5ed832}</UniqueIdentifier>
    </Filter>
    <Filter Include="Graphics">
      <UniqueIdentifier>{e87efd69-7819-4606-84a1-fad8c8efe5eb}</UniqueIdentifier>
    </Filter>
    <Filter Include="Graphics\D3DSetUp">
      <UniqueIdentifier>{f7435dfd-2802-406a-a4a8-ac49a8c5235f}</UniqueIdentifier>
    </Filter>
    <Filter Include="Graphics\Component">
      <UniqueIdentifier>{ae4a401e-c035-4525-9be5-c3f09675eefb}</UniqueIdentifier>
    </Filter>
    <Filter Include="Graphics\Component\InputAssembler">
      <UniqueIdentifier>{5271498f-002a-44cc-adf7-9978ca9a7449}</UniqueIdentifier>
    </Filter>
    <Filter Include="Systems">
      <UniqueIdentifier>{068d87d0-23b3-449c-a9c2-d865205c45da}</UniqueIdentifier>
    </Filter>
  </ItemGroup>
  <ItemGroup>
    <ClCompile Include="RenderWindow.cpp">
      <Filter>소스 파일</Filter>
    </ClCompile>
    <ClCompile Include="Engine.cpp">
      <Filter>소스 파일</Filter>
    </ClCompile>
    <ClCompile Include="WindowContainer.cpp">
      <Filter>소스 파일</Filter>
    </ClCompile>
    <ClCompile Include="Keyboard\KeyboardClass.cpp">
      <Filter>Keyboard</Filter>
    </ClCompile>
    <ClCompile Include="Window.cpp">
      <Filter>소스 파일</Filter>
    </ClCompile>
    <ClCompile Include="Mouse\MouseClass.cpp">
      <Filter>Mouse</Filter>
    </ClCompile>
    <ClCompile Include="Mouse\MouseEvent.cpp">
      <Filter>Mouse</Filter>
    </ClCompile>
    <ClCompile Include="Keyboard\KeyboardEvent.cpp">
      <Filter>Keyboard</Filter>
    </ClCompile>
    <ClCompile Include="Graphics\Graphics.cpp">
      <Filter>Graphics</Filter>
    </ClCompile>
    <ClCompile Include="Timer.cpp">
      <Filter>소스 파일</Filter>
    </ClCompile>
    <ClCompile Include="Graphics\DirectXSetup\DirectXClass.cpp">
      <Filter>Graphics\D3DSetUp</Filter>
    </ClCompile>
    <ClCompile Include="Graphics\DirectXSetup\AdapterReader.cpp">
      <Filter>Graphics\D3DSetUp</Filter>
    </ClCompile>
    <ClCompile Include="Graphics\Component\Transform.cpp">
      <Filter>Graphics\Component</Filter>
    </ClCompile>
    <ClCompile Include="Graphics\Component\InputAssembler\Mesh.cpp">
      <Filter>Graphics\Component\InputAssembler</Filter>
    </ClCompile>
    <ClCompile Include="Graphics\Component\InputAssembler\Color.cpp">
      <Filter>Graphics\Component\InputAssembler</Filter>
    </ClCompile>
    <ClCompile Include="Graphics\Component\InputAssembler\Texture.cpp">
      <Filter>Graphics\Component\InputAssembler</Filter>
    </ClCompile>
    <ClCompile Include="Graphics\Component\InputAssembler\Model.cpp">
      <Filter>Graphics\Component\InputAssembler</Filter>
    </ClCompile>
    <ClCompile Include="Graphics\Component\Component.cpp">
      <Filter>Graphics\Component</Filter>
    </ClCompile>
    <ClCompile Include="Systems\ErrorLogger.cpp">
      <Filter>Systems</Filter>
    </ClCompile>
    <ClCompile Include="Systems\StringHelper.cpp">
      <Filter>Systems</Filter>
    </ClCompile>
    <ClCompile Include="Graphics\DirectXSetup\ImGuiClass.cpp">
      <Filter>Graphics\D3DSetUp</Filter>
    </ClCompile>
    <ClCompile Include="Graphics\Shaders.cpp">
      <Filter>Graphics</Filter>
    </ClCompile>
    <ClCompile Include="Graphics\Component\Renderer.cpp">
      <Filter>Graphics\Component</Filter>
    </ClCompile>
    <ClCompile Include="Graphics\Component\GameObject.cpp">
      <Filter>Graphics\Component</Filter>
    </ClCompile>
    <ClCompile Include="Graphics\Component\Camera.cpp">
      <Filter>Graphics</Filter>
    </ClCompile>
    <ClCompile Include="Graphics\Component\Light.cpp">
      <Filter>Graphics</Filter>
    </ClCompile>
  </ItemGroup>
  <ItemGroup>
    <ClInclude Include="RenderWindow.h">
      <Filter>헤더 파일</Filter>
    </ClInclude>
    <ClInclude Include="Engine.h">
      <Filter>헤더 파일</Filter>
    </ClInclude>
    <ClInclude Include="WindowContainer.h">
      <Filter>헤더 파일</Filter>
    </ClInclude>
    <ClInclude Include="Keyboard\KeyboardEvent.h">
      <Filter>Keyboard</Filter>
    </ClInclude>
    <ClInclude Include="Keyboard\KeyboardClass.h">
      <Filter>Keyboard</Filter>
    </ClInclude>
    <ClInclude Include="Mouse\MouseClass.h">
      <Filter>Mouse</Filter>
    </ClInclude>
    <ClInclude Include="Mouse\MouseEvent.h">
      <Filter>Mouse</Filter>
    </ClInclude>
    <ClInclude Include="Graphics\Graphics.h">
      <Filter>Graphics</Filter>
    </ClInclude>
    <ClInclude Include="Timer.h">
      <Filter>헤더 파일</Filter>
    </ClInclude>
    <ClInclude Include="Graphics\DirectXSetup\DirectXClass.h">
      <Filter>Graphics\D3DSetUp</Filter>
    </ClInclude>
    <ClInclude Include="Graphics\DirectXSetup\AdapterReader.h">
      <Filter>Graphics\D3DSetUp</Filter>
    </ClInclude>
    <ClInclude Include="Graphics\Component\InputAssembler\ConstantBuffer.h">
      <Filter>Graphics\Component\InputAssembler</Filter>
    </ClInclude>
    <ClInclude Include="Graphics\Component\InputAssembler\ConstantBufferTypes.h">
      <Filter>Graphics\Component\InputAssembler</Filter>
    </ClInclude>
    <ClInclude Include="Graphics\Component\InputAssembler\IndexBuffer.h">
      <Filter>Graphics\Component\InputAssembler</Filter>
    </ClInclude>
    <ClInclude Include="Graphics\Component\InputAssembler\Vertex.h">
      <Filter>Graphics\Component\InputAssembler</Filter>
    </ClInclude>
    <ClInclude Include="Graphics\Component\InputAssembler\VertexBuffer.h">
      <Filter>Graphics\Component\InputAssembler</Filter>
    </ClInclude>
    <ClInclude Include="Graphics\Component\Transform.h">
      <Filter>Graphics\Component</Filter>
    </ClInclude>
    <ClInclude Include="Graphics\Component\InputAssembler\Mesh.h">
      <Filter>Graphics\Component\InputAssembler</Filter>
    </ClInclude>
    <ClInclude Include="Graphics\Component\InputAssembler\Color.h">
      <Filter>Graphics\Component\InputAssembler</Filter>
    </ClInclude>
    <ClInclude Include="Graphics\Component\InputAssembler\Texture.h">
      <Filter>Graphics\Component\InputAssembler</Filter>
    </ClInclude>
    <ClInclude Include="Systems\COMException.h">
      <Filter>Systems</Filter>
    </ClInclude>
    <ClInclude Include="Systems\ErrorLogger.h">
      <Filter>Systems</Filter>
    </ClInclude>
    <ClInclude Include="Systems\StringHelper.h">
      <Filter>Systems</Filter>
    </ClInclude>
    <ClInclude Include="Graphics\DirectXSetup\ImGuiClass.h">
      <Filter>Graphics\D3DSetUp</Filter>
    </ClInclude>
    <ClInclude Include="Graphics\Shaders.h">
      <Filter>Graphics</Filter>
    </ClInclude>
    <ClInclude Include="Graphics\Component\Renderer.h">
      <Filter>Graphics\Component</Filter>
    </ClInclude>
    <ClInclude Include="Graphics\Component\InputAssembler\Model.h">
      <Filter>Graphics\Component\InputAssembler</Filter>
    </ClInclude>
    <ClInclude Include="Graphics\Component\Component.h">
      <Filter>Graphics\Component</Filter>
    </ClInclude>
    <ClInclude Include="Graphics\Component\GameObject.h">
      <Filter>Graphics\Component</Filter>
    </ClInclude>
    <ClInclude Include="Graphics\Component\Camera.h">
      <Filter>Graphics</Filter>
    </ClInclude>
    <ClInclude Include="Graphics\Component\Light.h">
      <Filter>Graphics</Filter>
    </ClInclude>
  </ItemGroup>
  <ItemGroup>
    <FxCompile Include="Shader\vertexshader.hlsl">
      <Filter>리소스 파일</Filter>
    </FxCompile>
    <FxCompile Include="Shader\pixelshader.hlsl">
      <Filter>리소스 파일</Filter>
    </FxCompile>
    <FxCompile Include="pixelshader_nolight.hlsl">
      <Filter>리소스 파일</Filter>
    </FxCompile>
    <FxCompile Include="Shader\pixelshader_nolight.hlsl" />
  </ItemGroup>
</Project>